
Microsoft Visual Studio Solution File, Format Version 12.00
# Visual Studio 15
VisualStudioVersion = 15.0.27703.2042
MinimumVisualStudioVersion = 10.0.40219.1
Project("{FAE04EC0-301F-11D3-BF4B-00C04F79EFBC}") = "ASP.NET-MVC", "ASP.NET-MVC\ASP.NET-MVC.csproj", "{58F15A3A-F368-405C-AC9E-B13FAE3023F4}"
EndProject
Global
	GlobalSection(SolutionConfigurationPlatforms) = preSolution
		Debug|Any CPU = Debug|Any CPU
		Release|Any CPU = Release|Any CPU
	EndGlobalSection
	GlobalSection(ProjectConfigurationPlatforms) = postSolution
		{58F15A3A-F368-405C-AC9E-B13FAE3023F4}.Debug|Any CPU.ActiveCfg = Debug|Any CPU
		{58F15A3A-F368-405C-AC9E-B13FAE3023F4}.Debug|Any CPU.Build.0 = Debug|Any CPU
		{58F15A3A-F368-405C-AC9E-B13FAE3023F4}.Release|Any CPU.ActiveCfg = Release|Any CPU
		{58F15A3A-F368-405C-AC9E-B13FAE3023F4}.Release|Any CPU.Build.0 = Release|Any CPU
	EndGlobalSection
	GlobalSection(SolutionProperties) = preSolution
		HideSolutionNode = FALSE
	EndGlobalSection
	GlobalSection(ExtensibilityGlobals) = postSolution
		SolutionGuid = {F4814F52-26C4-480C-B675-B0BD1D09184E}
	EndGlobalSection
EndGlobal
